
Microsoft Visual Studio Solution File, Format Version 12.00
# Visual Studio Version 17
VisualStudioVersion = 17.6.33723.286
MinimumVisualStudioVersion = 10.0.40219.1
Project("{9A19103F-16F7-4668-BE54-9A1E7A4F7556}") = "BezierHelpers", "BezierHelpers.csproj", "{5B5B1A9D-7C52-493E-9825-7E8F50EB0FBD}"
EndProject
Global
	GlobalSection(SolutionConfigurationPlatforms) = preSolution
		Debug|Any CPU = Debug|Any CPU
		Release|Any CPU = Release|Any CPU
	EndGlobalSection
	GlobalSection(ProjectConfigurationPlatforms) = postSolution
		{5B5B1A9D-7C52-493E-9825-7E8F50EB0FBD}.Debug|Any CPU.ActiveCfg = Debug|Any CPU
		{5B5B1A9D-7C52-493E-9825-7E8F50EB0FBD}.Debug|Any CPU.Build.0 = Debug|Any CPU
		{5B5B1A9D-7C52-493E-9825-7E8F50EB0FBD}.Release|Any CPU.ActiveCfg = Release|Any CPU
		{5B5B1A9D-7C52-493E-9825-7E8F50EB0FBD}.Release|Any CPU.Build.0 = Release|Any CPU
	EndGlobalSection
	GlobalSection(SolutionProperties) = preSolution
		HideSolutionNode = FALSE
	EndGlobalSection
	GlobalSection(ExtensibilityGlobals) = postSolution
		SolutionGuid = {35FF2278-99BE-4E21-A6BE-08C50D3ADB6F}
	EndGlobalSection
EndGlobal
