
Microsoft Visual Studio Solution File, Format Version 12.00
# Visual Studio Version 17
VisualStudioVersion = 17.6.33723.286
MinimumVisualStudioVersion = 10.0.40219.1
Project("{FAE04EC0-301F-11D3-BF4B-00C04F79EFBC}") = "Enums", "Enums.csproj", "{BA9B2A4A-6CCD-4419-B90E-A2BACC6EDBC8}"
EndProject
Global
	GlobalSection(SolutionConfigurationPlatforms) = preSolution
		Debug|Any CPU = Debug|Any CPU
		Release|Any CPU = Release|Any CPU
	EndGlobalSection
	GlobalSection(ProjectConfigurationPlatforms) = postSolution
		{BA9B2A4A-6CCD-4419-B90E-A2BACC6EDBC8}.Debug|Any CPU.ActiveCfg = Debug|Any CPU
		{BA9B2A4A-6CCD-4419-B90E-A2BACC6EDBC8}.Debug|Any CPU.Build.0 = Debug|Any CPU
		{BA9B2A4A-6CCD-4419-B90E-A2BACC6EDBC8}.Release|Any CPU.ActiveCfg = Release|Any CPU
		{BA9B2A4A-6CCD-4419-B90E-A2BACC6EDBC8}.Release|Any CPU.Build.0 = Release|Any CPU
	EndGlobalSection
	GlobalSection(SolutionProperties) = preSolution
		HideSolutionNode = FALSE
	EndGlobalSection
	GlobalSection(ExtensibilityGlobals) = postSolution
		SolutionGuid = {23B52E54-6E06-4402-A220-482BA2D0CB6F}
	EndGlobalSection
EndGlobal
